
Microsoft Visual Studio Solution File, Format Version 11.00
# Visual Studio 2010
Project("{FAE04EC0-301F-11D3-BF4B-00C04F79EFBC}") = "ARCiv", "Assembly-CSharp.csproj", "{96265829-B116-DF6B-770E-E9DB757C1884}"
EndProject
Project("{FAE04EC0-301F-11D3-BF4B-00C04F79EFBC}") = "ARCiv", "Assembly-CSharp-Editor.csproj", "{0D32C3EE-DB3C-2B9B-B450-AD49D7EF5030}"
EndProject
Global
	GlobalSection(SolutionConfigurationPlatforms) = preSolution
		Debug|Any CPU = Debug|Any CPU
		Release|Any CPU = Release|Any CPU
	EndGlobalSection
	GlobalSection(ProjectConfigurationPlatforms) = postSolution
		{96265829-B116-DF6B-770E-E9DB757C1884}.Debug|Any CPU.ActiveCfg = Debug|Any CPU
		{96265829-B116-DF6B-770E-E9DB757C1884}.Debug|Any CPU.Build.0 = Debug|Any CPU
		{96265829-B116-DF6B-770E-E9DB757C1884}.Release|Any CPU.ActiveCfg = Release|Any CPU
		{96265829-B116-DF6B-770E-E9DB757C1884}.Release|Any CPU.Build.0 = Release|Any CPU
		{0D32C3EE-DB3C-2B9B-B450-AD49D7EF5030}.Debug|Any CPU.ActiveCfg = Debug|Any CPU
		{0D32C3EE-DB3C-2B9B-B450-AD49D7EF5030}.Debug|Any CPU.Build.0 = Debug|Any CPU
		{0D32C3EE-DB3C-2B9B-B450-AD49D7EF5030}.Release|Any CPU.ActiveCfg = Release|Any CPU
		{0D32C3EE-DB3C-2B9B-B450-AD49D7EF5030}.Release|Any CPU.Build.0 = Release|Any CPU
	EndGlobalSection
	GlobalSection(SolutionProperties) = preSolution
		HideSolutionNode = FALSE
	EndGlobalSection
	GlobalSection(MonoDevelopProperties) = preSolution
		StartupItem = Assembly-CSharp.csproj
	EndGlobalSection
EndGlobal
